<?xml version="1.0" encoding="utf-8"?>
<Project ToolsVersion="4.0" xmlns="http://schemas.microsoft.com/developer/msbuild/2003">
  <ItemGroup>
    <Filter Include="Source Files">
      <UniqueIdentifier>{4FC737F1-C7A5-4376-A066-2A32D752A2FF}</UniqueIdentifier>
      <Extensions>cpp;c;cc;cxx;def;odl;idl;hpj;bat;asm;asmx</Extensions>
    </Filter>
    <Filter Include="Header Files">
      <UniqueIdentifier>{93995380-89BD-4b04-88EB-625FBE52EBFB}</UniqueIdentifier>
      <Extensions>h;hh;hpp;hxx;hm;inl;inc;xsd</Extensions>
    </Filter>
    <Filter Include="Resource Files">
      <UniqueIdentifier>{67DA6AB6-F800-4c08-8B7A-83BB121AAD01}</UniqueIdentifier>
      <Extensions>rc;ico;cur;bmp;dlg;rc2;rct;bin;rgs;gif;jpg;jpeg;jpe;resx;tiff;tif;png;wav;mfcribbon-ms</Extensions>
    </Filter>
  </ItemGroup>
  <ItemGroup>
    <ClInclude Include="Archiwum.h">
      <Filter>Header Files</Filter>
    </ClInclude>
    <ClInclude Include="Wypozyczenie.h">
      <Filter>Header Files</Filter>
    </ClInclude>
    <ClInclude Include="Lista_Wypozyczen.h">
      <Filter>Header Files</Filter>
    </ClInclude>
    <ClInclude Include="Klient.h">
      <Filter>Header Files</Filter>
    </ClInclude>
    <ClInclude Include="KlientB.h">
      <Filter>Header Files</Filter>
    </ClInclude>
    <ClInclude Include="KlientA.h">
      <Filter>Header Files</Filter>
    </ClInclude>
    <ClInclude Include="Pojazd.h">
      <Filter>Header Files</Filter>
    </ClInclude>
    <ClInclude Include="Silnikowe.h">
      <Filter>Header Files</Filter>
    </ClInclude>
    <ClInclude Include="Samochod.h">
      <Filter>Header Files</Filter>
    </ClInclude>
    <ClInclude Include="Motorower.h">
      <Filter>Header Files</Filter>
    </ClInclude>
    <ClInclude Include="KlientD.h">
      <Filter>Header Files</Filter>
    </ClInclude>
    <ClInclude Include="KlientC.h">
      <Filter>Header Files</Filter>
    </ClInclude>
    <ClInclude Include="Stan_poczatkowy.h">
      <Filter>Header Files</Filter>
    </ClInclude>
    <ClInclude Include="KolekcjaPojazdow.h">
      <Filter>Header Files</Filter>
    </ClInclude>
    <ClInclude Include="KolekcjaKlientow.h">
      <Filter>Header Files</Filter>
    </ClInclude>
    <ClInclude Include="Pojazdy.h">
      <Filter>Header Files</Filter>
    </ClInclude>
    <ClInclude Include="Rower.h">
      <Filter>Header Files</Filter>
    </ClInclude>
    <ClInclude Include="Typ.h">
      <Filter>Header Files</Filter>
    </ClInclude>
  </ItemGroup>
  <ItemGroup>
    <ClCompile Include="ApplicationManager.cpp">
      <Filter>Source Files</Filter>
    </ClCompile>
    <ClCompile Include="Archiwum.cpp">
      <Filter>Source Files</Filter>
    </ClCompile>
    <ClCompile Include="Klient.cpp">
      <Filter>Source Files</Filter>
    </ClCompile>
    <ClCompile Include="KlientA.cpp">
      <Filter>Source Files</Filter>
    </ClCompile>
    <ClCompile Include="KlientB.cpp">
      <Filter>Source Files</Filter>
    </ClCompile>
    <ClCompile Include="KlientC.cpp">
      <Filter>Source Files</Filter>
    </ClCompile>
    <ClCompile Include="KlientD.cpp">
      <Filter>Source Files</Filter>
    </ClCompile>
    <ClCompile Include="KolekcjaKlientow.cpp">
      <Filter>Source Files</Filter>
    </ClCompile>
    <ClCompile Include="KolekcjaPojazdow.cpp">
      <Filter>Source Files</Filter>
    </ClCompile>
    <ClCompile Include="Lista_Wypozyczen.cpp">
      <Filter>Source Files</Filter>
    </ClCompile>
    <ClCompile Include="Motorower.cpp">
      <Filter>Source Files</Filter>
    </ClCompile>
    <ClCompile Include="Pojazd.cpp">
      <Filter>Source Files</Filter>
    </ClCompile>
    <ClCompile Include="Pojazdy.cpp">
      <Filter>Source Files</Filter>
    </ClCompile>
    <ClCompile Include="Rower.cpp">
      <Filter>Source Files</Filter>
    </ClCompile>
    <ClCompile Include="Samochod.cpp">
      <Filter>Source Files</Filter>
    </ClCompile>
    <ClCompile Include="Silnikowe.cpp">
      <Filter>Source Files</Filter>
    </ClCompile>
    <ClCompile Include="Stan_poczatkowy.cpp">
      <Filter>Source Files</Filter>
    </ClCompile>
    <ClCompile Include="Typ.cpp">
      <Filter>Source Files</Filter>
    </ClCompile>
    <ClCompile Include="Wypozyczenie.cpp">
      <Filter>Source Files</Filter>
    </ClCompile>
  </ItemGroup>
</Project>